{
  "name": "week-1",
  "lockfileVersion": 2,
  "requires": true,
  "packages": {
    "": {
      "dependencies": {
        "jasmine-core": "^5.0.0"
      }
    },
    "node_modules/jasmine-core": {
      "version": "5.0.0",
      "resolved": "https://registry.npmjs.org/jasmine-core/-/jasmine-core-5.0.0.tgz",
      "integrity": "sha512-BJLxZlSVyWPN/oyaS1IIvIjChghI9/xWsLAIJqL9J5Fz47CN3JNr8Lmik3S2S7QS2RxclYjvSVSXP7IR35PAmg=="
    }
  },
  "dependencies": {
    "jasmine-core": {
      "version": "5.0.0",
      "resolved": "https://registry.npmjs.org/jasmine-core/-/jasmine-core-5.0.0.tgz",
      "integrity": "sha512-BJLxZlSVyWPN/oyaS1IIvIjChghI9/xWsLAIJqL9J5Fz47CN3JNr8Lmik3S2S7QS2RxclYjvSVSXP7IR35PAmg=="
    }
  }
}
